
Microsoft Visual Studio Solution File, Format Version 12.00
# Visual Studio Version 17
VisualStudioVersion = 17.3.32825.248
MinimumVisualStudioVersion = 10.0.40219.1
Project("{9A19103F-16F7-4668-BE54-9A1E7A4F7556}") = "cw6_RazorWithModel", "cw6_RazorWithModel\cw6_RazorWithModel.csproj", "{C82E1FAA-5CDB-423D-98E0-F0980A3D768C}"
EndProject
Global
	GlobalSection(SolutionConfigurationPlatforms) = preSolution
		Debug|Any CPU = Debug|Any CPU
		Release|Any CPU = Release|Any CPU
	EndGlobalSection
	GlobalSection(ProjectConfigurationPlatforms) = postSolution
		{C82E1FAA-5CDB-423D-98E0-F0980A3D768C}.Debug|Any CPU.ActiveCfg = Debug|Any CPU
		{C82E1FAA-5CDB-423D-98E0-F0980A3D768C}.Debug|Any CPU.Build.0 = Debug|Any CPU
		{C82E1FAA-5CDB-423D-98E0-F0980A3D768C}.Release|Any CPU.ActiveCfg = Release|Any CPU
		{C82E1FAA-5CDB-423D-98E0-F0980A3D768C}.Release|Any CPU.Build.0 = Release|Any CPU
	EndGlobalSection
	GlobalSection(SolutionProperties) = preSolution
		HideSolutionNode = FALSE
	EndGlobalSection
	GlobalSection(ExtensibilityGlobals) = postSolution
		SolutionGuid = {21BDE54A-1390-4CEB-A32C-81A2F78FF5A1}
	EndGlobalSection
EndGlobal
