
Microsoft Visual Studio Solution File, Format Version 12.00
# Visual Studio Version 17
VisualStudioVersion = 17.4.33122.133
MinimumVisualStudioVersion = 10.0.40219.1
Project("{FAE04EC0-301F-11D3-BF4B-00C04F79EFBC}") = "WebWithModel", "WebWithModel\WebWithModel.csproj", "{7EC606F9-230B-418D-AD3D-9E081D7624DC}"
EndProject
Global
	GlobalSection(SolutionConfigurationPlatforms) = preSolution
		Debug|Any CPU = Debug|Any CPU
		Release|Any CPU = Release|Any CPU
	EndGlobalSection
	GlobalSection(ProjectConfigurationPlatforms) = postSolution
		{7EC606F9-230B-418D-AD3D-9E081D7624DC}.Debug|Any CPU.ActiveCfg = Debug|Any CPU
		{7EC606F9-230B-418D-AD3D-9E081D7624DC}.Debug|Any CPU.Build.0 = Debug|Any CPU
		{7EC606F9-230B-418D-AD3D-9E081D7624DC}.Release|Any CPU.ActiveCfg = Release|Any CPU
		{7EC606F9-230B-418D-AD3D-9E081D7624DC}.Release|Any CPU.Build.0 = Release|Any CPU
	EndGlobalSection
	GlobalSection(SolutionProperties) = preSolution
		HideSolutionNode = FALSE
	EndGlobalSection
	GlobalSection(ExtensibilityGlobals) = postSolution
		SolutionGuid = {4F20F224-E47B-47AA-B5D2-324CA56EBCE8}
	EndGlobalSection
EndGlobal
