
Microsoft Visual Studio Solution File, Format Version 12.00
# Visual Studio Version 17
VisualStudioVersion = 17.3.32825.248
MinimumVisualStudioVersion = 10.0.40219.1
Project("{FAE04EC0-301F-11D3-BF4B-00C04F79EFBC}") = "MVC_Mysql_v1", "MVC_Mysql_v1\MVC_Mysql_v1.csproj", "{0D50940C-E91F-4E6C-8026-2C3B500DC637}"
EndProject
Global
	GlobalSection(SolutionConfigurationPlatforms) = preSolution
		Debug|Any CPU = Debug|Any CPU
		Release|Any CPU = Release|Any CPU
	EndGlobalSection
	GlobalSection(ProjectConfigurationPlatforms) = postSolution
		{0D50940C-E91F-4E6C-8026-2C3B500DC637}.Debug|Any CPU.ActiveCfg = Debug|Any CPU
		{0D50940C-E91F-4E6C-8026-2C3B500DC637}.Debug|Any CPU.Build.0 = Debug|Any CPU
		{0D50940C-E91F-4E6C-8026-2C3B500DC637}.Release|Any CPU.ActiveCfg = Release|Any CPU
		{0D50940C-E91F-4E6C-8026-2C3B500DC637}.Release|Any CPU.Build.0 = Release|Any CPU
	EndGlobalSection
	GlobalSection(SolutionProperties) = preSolution
		HideSolutionNode = FALSE
	EndGlobalSection
	GlobalSection(ExtensibilityGlobals) = postSolution
		SolutionGuid = {EBFE5F04-7EBC-4B7F-B1FB-D70D85BACE77}
	EndGlobalSection
EndGlobal
