
Microsoft Visual Studio Solution File, Format Version 12.00
# Visual Studio Version 17
VisualStudioVersion = 17.3.32929.385
MinimumVisualStudioVersion = 10.0.40219.1
Project("{FAE04EC0-301F-11D3-BF4B-00C04F79EFBC}") = "Web1", "Web1\Web1.csproj", "{C846442B-1B43-4FCD-86DE-B32D6710FEC1}"
EndProject
Global
	GlobalSection(SolutionConfigurationPlatforms) = preSolution
		Debug|Any CPU = Debug|Any CPU
		Release|Any CPU = Release|Any CPU
	EndGlobalSection
	GlobalSection(ProjectConfigurationPlatforms) = postSolution
		{C846442B-1B43-4FCD-86DE-B32D6710FEC1}.Debug|Any CPU.ActiveCfg = Debug|Any CPU
		{C846442B-1B43-4FCD-86DE-B32D6710FEC1}.Debug|Any CPU.Build.0 = Debug|Any CPU
		{C846442B-1B43-4FCD-86DE-B32D6710FEC1}.Release|Any CPU.ActiveCfg = Release|Any CPU
		{C846442B-1B43-4FCD-86DE-B32D6710FEC1}.Release|Any CPU.Build.0 = Release|Any CPU
	EndGlobalSection
	GlobalSection(SolutionProperties) = preSolution
		HideSolutionNode = FALSE
	EndGlobalSection
	GlobalSection(ExtensibilityGlobals) = postSolution
		SolutionGuid = {8F8707AF-FBF3-423F-B05F-F7BDADC3B302}
	EndGlobalSection
EndGlobal
