
Microsoft Visual Studio Solution File, Format Version 12.00
# Visual Studio Version 17
VisualStudioVersion = 17.5.33424.131
MinimumVisualStudioVersion = 10.0.40219.1
Project("{FAE04EC0-301F-11D3-BF4B-00C04F79EFBC}") = "MySql_v1_wycieczki", "MySql_v1_wycieczki\MySql_v1_wycieczki.csproj", "{AA9D059D-097E-4584-8EB9-8B955E4337DA}"
EndProject
Global
	GlobalSection(SolutionConfigurationPlatforms) = preSolution
		Debug|Any CPU = Debug|Any CPU
		Release|Any CPU = Release|Any CPU
	EndGlobalSection
	GlobalSection(ProjectConfigurationPlatforms) = postSolution
		{AA9D059D-097E-4584-8EB9-8B955E4337DA}.Debug|Any CPU.ActiveCfg = Debug|Any CPU
		{AA9D059D-097E-4584-8EB9-8B955E4337DA}.Debug|Any CPU.Build.0 = Debug|Any CPU
		{AA9D059D-097E-4584-8EB9-8B955E4337DA}.Release|Any CPU.ActiveCfg = Release|Any CPU
		{AA9D059D-097E-4584-8EB9-8B955E4337DA}.Release|Any CPU.Build.0 = Release|Any CPU
	EndGlobalSection
	GlobalSection(SolutionProperties) = preSolution
		HideSolutionNode = FALSE
	EndGlobalSection
	GlobalSection(ExtensibilityGlobals) = postSolution
		SolutionGuid = {DC2BF594-05A0-402A-ABAB-09EA43331BC4}
	EndGlobalSection
EndGlobal
