
Microsoft Visual Studio Solution File, Format Version 12.00
# Visual Studio Version 17
VisualStudioVersion = 17.3.32825.248
MinimumVisualStudioVersion = 10.0.40219.1
Project("{FAE04EC0-301F-11D3-BF4B-00C04F79EFBC}") = "MVC_cw2", "MVC_cw2\MVC_cw2.csproj", "{8F00C43A-D07D-40F6-A21F-2D8507A4BC4C}"
EndProject
Global
	GlobalSection(SolutionConfigurationPlatforms) = preSolution
		Debug|Any CPU = Debug|Any CPU
		Release|Any CPU = Release|Any CPU
	EndGlobalSection
	GlobalSection(ProjectConfigurationPlatforms) = postSolution
		{8F00C43A-D07D-40F6-A21F-2D8507A4BC4C}.Debug|Any CPU.ActiveCfg = Debug|Any CPU
		{8F00C43A-D07D-40F6-A21F-2D8507A4BC4C}.Debug|Any CPU.Build.0 = Debug|Any CPU
		{8F00C43A-D07D-40F6-A21F-2D8507A4BC4C}.Release|Any CPU.ActiveCfg = Release|Any CPU
		{8F00C43A-D07D-40F6-A21F-2D8507A4BC4C}.Release|Any CPU.Build.0 = Release|Any CPU
	EndGlobalSection
	GlobalSection(SolutionProperties) = preSolution
		HideSolutionNode = FALSE
	EndGlobalSection
	GlobalSection(ExtensibilityGlobals) = postSolution
		SolutionGuid = {43A79907-FDAE-43F1-BE50-111B22D80578}
	EndGlobalSection
EndGlobal
