
Microsoft Visual Studio Solution File, Format Version 12.00
# Visual Studio Version 17
VisualStudioVersion = 17.3.32929.385
MinimumVisualStudioVersion = 10.0.40219.1
Project("{9A19103F-16F7-4668-BE54-9A1E7A4F7556}") = "mymvc", "mymvc.csproj", "{F79F64F1-5452-4ED3-9B05-158D04BAF45F}"
EndProject
Global
	GlobalSection(SolutionConfigurationPlatforms) = preSolution
		Debug|Any CPU = Debug|Any CPU
		Release|Any CPU = Release|Any CPU
	EndGlobalSection
	GlobalSection(ProjectConfigurationPlatforms) = postSolution
		{F79F64F1-5452-4ED3-9B05-158D04BAF45F}.Debug|Any CPU.ActiveCfg = Debug|Any CPU
		{F79F64F1-5452-4ED3-9B05-158D04BAF45F}.Debug|Any CPU.Build.0 = Debug|Any CPU
		{F79F64F1-5452-4ED3-9B05-158D04BAF45F}.Release|Any CPU.ActiveCfg = Release|Any CPU
		{F79F64F1-5452-4ED3-9B05-158D04BAF45F}.Release|Any CPU.Build.0 = Release|Any CPU
	EndGlobalSection
	GlobalSection(SolutionProperties) = preSolution
		HideSolutionNode = FALSE
	EndGlobalSection
	GlobalSection(ExtensibilityGlobals) = postSolution
		SolutionGuid = {D6356C00-040E-43B1-91FA-90DCF2E1AB5D}
	EndGlobalSection
EndGlobal
